
Microsoft Visual Studio Solution File, Format Version 12.00
# Visual Studio Version 17
VisualStudioVersion = 17.0.31903.59
MinimumVisualStudioVersion = 10.0.40219.1
Project("{2150E333-8FDC-42A3-9474-1A3956D46DE8}") = "src", "src", "{B9D6D12D-3DD7-49AA-BC5F-C90125E80681}"
EndProject
Project("{2150E333-8FDC-42A3-9474-1A3956D46DE8}") = "Core", "Core", "{86D76507-D1F2-4F23-B586-2E2273C4F172}"
EndProject
Project("{FAE04EC0-301F-11D3-BF4B-00C04F79EFBC}") = "HRHiringSystem.Domain", "src\Core\HRHiringSystem.Domain\HRHiringSystem.Domain.csproj", "{D431DA31-9394-4A59-A173-23E2B8F5147E}"
EndProject
Project("{FAE04EC0-301F-11D3-BF4B-00C04F79EFBC}") = "HRHiringSystem.Application", "src\Core\HRHiringSystem.Application\HRHiringSystem.Application.csproj", "{39E2ADE9-B18C-4BEA-9400-37B153744F67}"
EndProject
Project("{2150E333-8FDC-42A3-9474-1A3956D46DE8}") = "External", "External", "{4DA71268-FDCA-483B-AA56-355F012BA2F5}"
EndProject
Project("{FAE04EC0-301F-11D3-BF4B-00C04F79EFBC}") = "HRHiringSystem.Presentation", "src\External\HRHiringSystem.Presentation\HRHiringSystem.Presentation.csproj", "{3698B7A2-2A2B-4A43-9407-17CD10D60E4B}"
EndProject
Project("{FAE04EC0-301F-11D3-BF4B-00C04F79EFBC}") = "HRHiringSystem.Infrastructure", "src\External\HRHiringSystem.Infrastructure\HRHiringSystem.Infrastructure.csproj", "{6117616C-A8C2-498F-B26E-1F16858691F6}"
EndProject
Project("{FAE04EC0-301F-11D3-BF4B-00C04F79EFBC}") = "HRHiringSystem.Persistence", "src\External\HRHiringSystem.Persistence\HRHiringSystem.Persistence.csproj", "{C243358C-7FEB-4DB1-AF4B-D17D5C3B6B16}"
EndProject
Project("{FAE04EC0-301F-11D3-BF4B-00C04F79EFBC}") = "WebApi", "src\WebApi\WebApi.csproj", "{CFEE2D1B-97E4-4E2B-98A4-20A7AABBF14F}"
EndProject
Project("{2150E333-8FDC-42A3-9474-1A3956D46DE8}") = "test", "test", "{D3D6D6DE-E306-4896-A832-B3682C8DDDB4}"
EndProject
Project("{FAE04EC0-301F-11D3-BF4B-00C04F79EFBC}") = "HRHiringSystem.Architecture.Tests", "test\HRHiringSystem.Architecture.Tests\HRHiringSystem.Architecture.Tests.csproj", "{0B7A572D-A816-42E4-9837-1871FDA6DE7F}"
EndProject
Project("{FAE04EC0-301F-11D3-BF4B-00C04F79EFBC}") = "HRHiringSystem.Application.Tests", "test\HRHiringSystem.Application.Tests\HRHiringSystem.Application.Tests.csproj", "{C5BE3268-2BC2-430E-B1F1-454F160B981C}"
EndProject
Global
	GlobalSection(SolutionConfigurationPlatforms) = preSolution
		Debug|Any CPU = Debug|Any CPU
		Release|Any CPU = Release|Any CPU
	EndGlobalSection
	GlobalSection(SolutionProperties) = preSolution
		HideSolutionNode = FALSE
	EndGlobalSection
	GlobalSection(ProjectConfigurationPlatforms) = postSolution
		{D431DA31-9394-4A59-A173-23E2B8F5147E}.Debug|Any CPU.ActiveCfg = Debug|Any CPU
		{D431DA31-9394-4A59-A173-23E2B8F5147E}.Debug|Any CPU.Build.0 = Debug|Any CPU
		{D431DA31-9394-4A59-A173-23E2B8F5147E}.Release|Any CPU.ActiveCfg = Release|Any CPU
		{D431DA31-9394-4A59-A173-23E2B8F5147E}.Release|Any CPU.Build.0 = Release|Any CPU
		{39E2ADE9-B18C-4BEA-9400-37B153744F67}.Debug|Any CPU.ActiveCfg = Debug|Any CPU
		{39E2ADE9-B18C-4BEA-9400-37B153744F67}.Debug|Any CPU.Build.0 = Debug|Any CPU
		{39E2ADE9-B18C-4BEA-9400-37B153744F67}.Release|Any CPU.ActiveCfg = Release|Any CPU
		{39E2ADE9-B18C-4BEA-9400-37B153744F67}.Release|Any CPU.Build.0 = Release|Any CPU
		{3698B7A2-2A2B-4A43-9407-17CD10D60E4B}.Debug|Any CPU.ActiveCfg = Debug|Any CPU
		{3698B7A2-2A2B-4A43-9407-17CD10D60E4B}.Debug|Any CPU.Build.0 = Debug|Any CPU
		{3698B7A2-2A2B-4A43-9407-17CD10D60E4B}.Release|Any CPU.ActiveCfg = Release|Any CPU
		{3698B7A2-2A2B-4A43-9407-17CD10D60E4B}.Release|Any CPU.Build.0 = Release|Any CPU
		{6117616C-A8C2-498F-B26E-1F16858691F6}.Debug|Any CPU.ActiveCfg = Debug|Any CPU
		{6117616C-A8C2-498F-B26E-1F16858691F6}.Debug|Any CPU.Build.0 = Debug|Any CPU
		{6117616C-A8C2-498F-B26E-1F16858691F6}.Release|Any CPU.ActiveCfg = Release|Any CPU
		{6117616C-A8C2-498F-B26E-1F16858691F6}.Release|Any CPU.Build.0 = Release|Any CPU
		{C243358C-7FEB-4DB1-AF4B-D17D5C3B6B16}.Debug|Any CPU.ActiveCfg = Debug|Any CPU
		{C243358C-7FEB-4DB1-AF4B-D17D5C3B6B16}.Debug|Any CPU.Build.0 = Debug|Any CPU
		{C243358C-7FEB-4DB1-AF4B-D17D5C3B6B16}.Release|Any CPU.ActiveCfg = Release|Any CPU
		{C243358C-7FEB-4DB1-AF4B-D17D5C3B6B16}.Release|Any CPU.Build.0 = Release|Any CPU
		{CFEE2D1B-97E4-4E2B-98A4-20A7AABBF14F}.Debug|Any CPU.ActiveCfg = Debug|Any CPU
		{CFEE2D1B-97E4-4E2B-98A4-20A7AABBF14F}.Debug|Any CPU.Build.0 = Debug|Any CPU
		{CFEE2D1B-97E4-4E2B-98A4-20A7AABBF14F}.Release|Any CPU.ActiveCfg = Release|Any CPU
		{CFEE2D1B-97E4-4E2B-98A4-20A7AABBF14F}.Release|Any CPU.Build.0 = Release|Any CPU
		{0B7A572D-A816-42E4-9837-1871FDA6DE7F}.Debug|Any CPU.ActiveCfg = Debug|Any CPU
		{0B7A572D-A816-42E4-9837-1871FDA6DE7F}.Debug|Any CPU.Build.0 = Debug|Any CPU
		{0B7A572D-A816-42E4-9837-1871FDA6DE7F}.Release|Any CPU.ActiveCfg = Release|Any CPU
		{0B7A572D-A816-42E4-9837-1871FDA6DE7F}.Release|Any CPU.Build.0 = Release|Any CPU
		{C5BE3268-2BC2-430E-B1F1-454F160B981C}.Debug|Any CPU.ActiveCfg = Debug|Any CPU
		{C5BE3268-2BC2-430E-B1F1-454F160B981C}.Debug|Any CPU.Build.0 = Debug|Any CPU
		{C5BE3268-2BC2-430E-B1F1-454F160B981C}.Release|Any CPU.ActiveCfg = Release|Any CPU
		{C5BE3268-2BC2-430E-B1F1-454F160B981C}.Release|Any CPU.Build.0 = Release|Any CPU
	EndGlobalSection
	GlobalSection(NestedProjects) = preSolution
		{86D76507-D1F2-4F23-B586-2E2273C4F172} = {B9D6D12D-3DD7-49AA-BC5F-C90125E80681}
		{D431DA31-9394-4A59-A173-23E2B8F5147E} = {86D76507-D1F2-4F23-B586-2E2273C4F172}
		{39E2ADE9-B18C-4BEA-9400-37B153744F67} = {86D76507-D1F2-4F23-B586-2E2273C4F172}
		{4DA71268-FDCA-483B-AA56-355F012BA2F5} = {B9D6D12D-3DD7-49AA-BC5F-C90125E80681}
		{3698B7A2-2A2B-4A43-9407-17CD10D60E4B} = {4DA71268-FDCA-483B-AA56-355F012BA2F5}
		{6117616C-A8C2-498F-B26E-1F16858691F6} = {4DA71268-FDCA-483B-AA56-355F012BA2F5}
		{C243358C-7FEB-4DB1-AF4B-D17D5C3B6B16} = {4DA71268-FDCA-483B-AA56-355F012BA2F5}
		{CFEE2D1B-97E4-4E2B-98A4-20A7AABBF14F} = {B9D6D12D-3DD7-49AA-BC5F-C90125E80681}
		{0B7A572D-A816-42E4-9837-1871FDA6DE7F} = {D3D6D6DE-E306-4896-A832-B3682C8DDDB4}
		{C5BE3268-2BC2-430E-B1F1-454F160B981C} = {D3D6D6DE-E306-4896-A832-B3682C8DDDB4}
	EndGlobalSection
EndGlobal
